
Microsoft Visual Studio Solution File, Format Version 12.00
# Visual Studio Version 17
VisualStudioVersion = 17.0.31912.275
MinimumVisualStudioVersion = 10.0.40219.1
Project("{FAE04EC0-301F-11D3-BF4B-00C04F79EFBC}") = "MiXIntegrateApiTest", "MiXIntegrateApiTest.csproj", "{1701CDFC-8F49-4D90-BC80-F32D5A6F1285}"
EndProject
Global
	GlobalSection(SolutionConfigurationPlatforms) = preSolution
		Debug|Any CPU = Debug|Any CPU
		Release|Any CPU = Release|Any CPU
	EndGlobalSection
	GlobalSection(ProjectConfigurationPlatforms) = postSolution
		{1701CDFC-8F49-4D90-BC80-F32D5A6F1285}.Debug|Any CPU.ActiveCfg = Debug|Any CPU
		{1701CDFC-8F49-4D90-BC80-F32D5A6F1285}.Debug|Any CPU.Build.0 = Debug|Any CPU
		{1701CDFC-8F49-4D90-BC80-F32D5A6F1285}.Release|Any CPU.ActiveCfg = Release|Any CPU
		{1701CDFC-8F49-4D90-BC80-F32D5A6F1285}.Release|Any CPU.Build.0 = Release|Any CPU
	EndGlobalSection
	GlobalSection(SolutionProperties) = preSolution
		HideSolutionNode = FALSE
	EndGlobalSection
	GlobalSection(ExtensibilityGlobals) = postSolution
		SolutionGuid = {7A705E64-B3AA-43C6-B479-E6A00415CB79}
	EndGlobalSection
EndGlobal
